
Microsoft Visual Studio Solution File, Format Version 12.00
# Visual Studio Version 16
VisualStudioVersion = 16.0.30204.135
MinimumVisualStudioVersion = 10.0.40219.1
Project("{9A19103F-16F7-4668-BE54-9A1E7A4F7556}") = "Skyline.Assistant", "src\Skyline.Assistant\Skyline.Assistant.csproj", "{83154368-2FA6-49BA-9AAE-9E1163C7E637}"
EndProject
Global
	GlobalSection(SolutionConfigurationPlatforms) = preSolution
		Debug|Any CPU = Debug|Any CPU
		Release|Any CPU = Release|Any CPU
	EndGlobalSection
	GlobalSection(ProjectConfigurationPlatforms) = postSolution
		{83154368-2FA6-49BA-9AAE-9E1163C7E637}.Debug|Any CPU.ActiveCfg = Debug|Any CPU
		{83154368-2FA6-49BA-9AAE-9E1163C7E637}.Debug|Any CPU.Build.0 = Debug|Any CPU
		{83154368-2FA6-49BA-9AAE-9E1163C7E637}.Release|Any CPU.ActiveCfg = Release|Any CPU
		{83154368-2FA6-49BA-9AAE-9E1163C7E637}.Release|Any CPU.Build.0 = Release|Any CPU
	EndGlobalSection
	GlobalSection(SolutionProperties) = preSolution
		HideSolutionNode = FALSE
	EndGlobalSection
	GlobalSection(ExtensibilityGlobals) = postSolution
		SolutionGuid = {960456FB-CA7A-4420-A38E-DF5A8D3569A3}
	EndGlobalSection
EndGlobal
