
Microsoft Visual Studio Solution File, Format Version 12.00
# Visual Studio Version 16
VisualStudioVersion = 16.0.29926.136
MinimumVisualStudioVersion = 10.0.40219.1
Project("{FAE04EC0-301F-11D3-BF4B-00C04F79EFBC}") = "Skyline.Utilities", "src\Skyline.Utilities\Skyline.Utilities.csproj", "{DDFB6C89-91AD-4A36-83E5-B323E7C9424F}"
EndProject
Project("{FAE04EC0-301F-11D3-BF4B-00C04F79EFBC}") = "Skyline.Utilities.UnitTests", "test\Skyline.Utilities.UnitTests\Skyline.Utilities.UnitTests.csproj", "{F052F026-F397-4C2C-8355-F74E4A4CC2ED}"
EndProject
Global
	GlobalSection(SolutionConfigurationPlatforms) = preSolution
		Debug|Any CPU = Debug|Any CPU
		Release|Any CPU = Release|Any CPU
	EndGlobalSection
	GlobalSection(ProjectConfigurationPlatforms) = postSolution
		{DDFB6C89-91AD-4A36-83E5-B323E7C9424F}.Debug|Any CPU.ActiveCfg = Debug|Any CPU
		{DDFB6C89-91AD-4A36-83E5-B323E7C9424F}.Debug|Any CPU.Build.0 = Debug|Any CPU
		{DDFB6C89-91AD-4A36-83E5-B323E7C9424F}.Release|Any CPU.ActiveCfg = Release|Any CPU
		{DDFB6C89-91AD-4A36-83E5-B323E7C9424F}.Release|Any CPU.Build.0 = Release|Any CPU
		{F052F026-F397-4C2C-8355-F74E4A4CC2ED}.Debug|Any CPU.ActiveCfg = Debug|Any CPU
		{F052F026-F397-4C2C-8355-F74E4A4CC2ED}.Debug|Any CPU.Build.0 = Debug|Any CPU
		{F052F026-F397-4C2C-8355-F74E4A4CC2ED}.Release|Any CPU.ActiveCfg = Release|Any CPU
		{F052F026-F397-4C2C-8355-F74E4A4CC2ED}.Release|Any CPU.Build.0 = Release|Any CPU
	EndGlobalSection
	GlobalSection(SolutionProperties) = preSolution
		HideSolutionNode = FALSE
	EndGlobalSection
	GlobalSection(ExtensibilityGlobals) = postSolution
		SolutionGuid = {E605875A-7619-4AD3-A7B1-BFD65AEB0140}
	EndGlobalSection
EndGlobal
