
Microsoft Visual Studio Solution File, Format Version 12.00
# Visual Studio Version 16
VisualStudioVersion = 16.0.30011.22
MinimumVisualStudioVersion = 10.0.40219.1
Project("{9A19103F-16F7-4668-BE54-9A1E7A4F7556}") = "Skyline.AutoMapper", "src\Skyline.AutoMapper\Skyline.AutoMapper.csproj", "{EDBBBEE2-39E4-41CB-BF22-D324B36C6F3A}"
EndProject
Project("{9A19103F-16F7-4668-BE54-9A1E7A4F7556}") = "Skyline.BaskgroundTasks.Hangfire", "src\Skyline.BaskgroundTasks.Hangfire\Skyline.BaskgroundTasks.Hangfire.csproj", "{32400877-FFEE-4918-964A-71AD0D1D3C62}"
EndProject
Project("{2150E333-8FDC-42A3-9474-1A3956D46DE8}") = "src", "src", "{554EE64D-1085-4425-BE88-762267853107}"
EndProject
Project("{2150E333-8FDC-42A3-9474-1A3956D46DE8}") = "tests", "tests", "{09F2ED15-AB2D-4FD7-A0E3-5416AA3D186D}"
EndProject
Project("{9A19103F-16F7-4668-BE54-9A1E7A4F7556}") = "Skyline", "src\Skyline\Skyline.csproj", "{F59F5524-4C08-4DA8-BE42-B2180015D147}"
EndProject
Project("{9A19103F-16F7-4668-BE54-9A1E7A4F7556}") = "Skyline.Tests", "tests\Skyline.Tests\Skyline.Tests.csproj", "{56EE7ED8-8C83-43E5-9A4D-F6E72A294A60}"
EndProject
Project("{9A19103F-16F7-4668-BE54-9A1E7A4F7556}") = "Skyline.AutoMapper.Tests", "tests\Skyline.AutoMapper.Tests\Skyline.AutoMapper.Tests.csproj", "{5070F2AF-9C16-4C83-AA28-146570F4D1EA}"
EndProject
Project("{9A19103F-16F7-4668-BE54-9A1E7A4F7556}") = "Skyline.Datas.EntityFramework", "src\Skyline.Datas.EntityFramework\Skyline.Datas.EntityFramework.csproj", "{96F1C713-5BF3-4EDA-8243-3CBE2B65A0AE}"
EndProject
Project("{9A19103F-16F7-4668-BE54-9A1E7A4F7556}") = "Skyline.Datas.EntityFramework.Sqlite", "src\Skyline.Datas.EntityFramework.Sqlite\Skyline.Datas.EntityFramework.Sqlite.csproj", "{1DBF2234-C014-4CAD-B9BA-171EB7FA30F9}"
EndProject
Project("{9A19103F-16F7-4668-BE54-9A1E7A4F7556}") = "Skyline.Domain.Abstractions", "src\Skyline.Domain.Abstractions\Skyline.Domain.Abstractions.csproj", "{E4C437E5-EE2E-4A31-A863-E49417C568CD}"
EndProject
Project("{9A19103F-16F7-4668-BE54-9A1E7A4F7556}") = "Skyline.Infrastructure.Core", "src\Skyline.Infrastructure.Core\Skyline.Infrastructure.Core.csproj", "{1EAF4EA6-79A1-417C-9E57-C44D7BD7257C}"
EndProject
Project("{2150E333-8FDC-42A3-9474-1A3956D46DE8}") = "sample", "sample", "{419C1A08-EBC5-4639-B11C-1253D5B9EE9A}"
EndProject
Project("{9A19103F-16F7-4668-BE54-9A1E7A4F7556}") = "Skyline.Elasticsearch", "src\Skyline.Elasticsearch\Skyline.Elasticsearch.csproj", "{FC516605-7FD4-4C48-9F3E-8C63DF4F7D25}"
EndProject
Project("{9A19103F-16F7-4668-BE54-9A1E7A4F7556}") = "Skyline.Elasticsearch.Sample.ConsoleApp", "sample\Skyline.Elasticsearch.Sample.ConsoleApp\Skyline.Elasticsearch.Sample.ConsoleApp.csproj", "{E7041DC3-45B4-4B80-A62C-40A3DE51F7BF}"
EndProject
Project("{9A19103F-16F7-4668-BE54-9A1E7A4F7556}") = "Skyline.Elasticsearch.Sample.WebApp", "sample\Skyline.Elasticsearch.Sample.WebApp\Skyline.Elasticsearch.Sample.WebApp.csproj", "{D3CA9C43-3FCF-43B1-95BD-F07FFA4A28F8}"
EndProject
Project("{9A19103F-16F7-4668-BE54-9A1E7A4F7556}") = "Skyline.Mongo", "src\Skyline.Mongo\Skyline.Mongo.csproj", "{5583C143-A14B-45C5-87B1-B111867F5B7E}"
EndProject
Project("{FAE04EC0-301F-11D3-BF4B-00C04F79EFBC}") = "Skyline.Mongo.Sample.ConsoleApp", "sample\Skyline.Mongo.Sample.ConsoleApp\Skyline.Mongo.Sample.ConsoleApp.csproj", "{1572FBEF-C775-40F4-A565-855C4381C432}"
EndProject
Project("{FAE04EC0-301F-11D3-BF4B-00C04F79EFBC}") = "Skyline.Mongo.Sample.WebApp", "sample\Skyline.Mongo.Sample.WebApp\Skyline.Mongo.Sample.WebApp.csproj", "{339B1D37-4188-48FE-9F45-54B2438AE4EF}"
EndProject
Global
	GlobalSection(SolutionConfigurationPlatforms) = preSolution
		Debug|Any CPU = Debug|Any CPU
		Release|Any CPU = Release|Any CPU
	EndGlobalSection
	GlobalSection(ProjectConfigurationPlatforms) = postSolution
		{EDBBBEE2-39E4-41CB-BF22-D324B36C6F3A}.Debug|Any CPU.ActiveCfg = Debug|Any CPU
		{EDBBBEE2-39E4-41CB-BF22-D324B36C6F3A}.Debug|Any CPU.Build.0 = Debug|Any CPU
		{EDBBBEE2-39E4-41CB-BF22-D324B36C6F3A}.Release|Any CPU.ActiveCfg = Release|Any CPU
		{EDBBBEE2-39E4-41CB-BF22-D324B36C6F3A}.Release|Any CPU.Build.0 = Release|Any CPU
		{32400877-FFEE-4918-964A-71AD0D1D3C62}.Debug|Any CPU.ActiveCfg = Debug|Any CPU
		{32400877-FFEE-4918-964A-71AD0D1D3C62}.Debug|Any CPU.Build.0 = Debug|Any CPU
		{32400877-FFEE-4918-964A-71AD0D1D3C62}.Release|Any CPU.ActiveCfg = Release|Any CPU
		{32400877-FFEE-4918-964A-71AD0D1D3C62}.Release|Any CPU.Build.0 = Release|Any CPU
		{F59F5524-4C08-4DA8-BE42-B2180015D147}.Debug|Any CPU.ActiveCfg = Debug|Any CPU
		{F59F5524-4C08-4DA8-BE42-B2180015D147}.Debug|Any CPU.Build.0 = Debug|Any CPU
		{F59F5524-4C08-4DA8-BE42-B2180015D147}.Release|Any CPU.ActiveCfg = Release|Any CPU
		{F59F5524-4C08-4DA8-BE42-B2180015D147}.Release|Any CPU.Build.0 = Release|Any CPU
		{56EE7ED8-8C83-43E5-9A4D-F6E72A294A60}.Debug|Any CPU.ActiveCfg = Debug|Any CPU
		{56EE7ED8-8C83-43E5-9A4D-F6E72A294A60}.Debug|Any CPU.Build.0 = Debug|Any CPU
		{56EE7ED8-8C83-43E5-9A4D-F6E72A294A60}.Release|Any CPU.ActiveCfg = Release|Any CPU
		{56EE7ED8-8C83-43E5-9A4D-F6E72A294A60}.Release|Any CPU.Build.0 = Release|Any CPU
		{5070F2AF-9C16-4C83-AA28-146570F4D1EA}.Debug|Any CPU.ActiveCfg = Debug|Any CPU
		{5070F2AF-9C16-4C83-AA28-146570F4D1EA}.Debug|Any CPU.Build.0 = Debug|Any CPU
		{5070F2AF-9C16-4C83-AA28-146570F4D1EA}.Release|Any CPU.ActiveCfg = Release|Any CPU
		{5070F2AF-9C16-4C83-AA28-146570F4D1EA}.Release|Any CPU.Build.0 = Release|Any CPU
		{96F1C713-5BF3-4EDA-8243-3CBE2B65A0AE}.Debug|Any CPU.ActiveCfg = Debug|Any CPU
		{96F1C713-5BF3-4EDA-8243-3CBE2B65A0AE}.Debug|Any CPU.Build.0 = Debug|Any CPU
		{96F1C713-5BF3-4EDA-8243-3CBE2B65A0AE}.Release|Any CPU.ActiveCfg = Release|Any CPU
		{96F1C713-5BF3-4EDA-8243-3CBE2B65A0AE}.Release|Any CPU.Build.0 = Release|Any CPU
		{1DBF2234-C014-4CAD-B9BA-171EB7FA30F9}.Debug|Any CPU.ActiveCfg = Debug|Any CPU
		{1DBF2234-C014-4CAD-B9BA-171EB7FA30F9}.Debug|Any CPU.Build.0 = Debug|Any CPU
		{1DBF2234-C014-4CAD-B9BA-171EB7FA30F9}.Release|Any CPU.ActiveCfg = Release|Any CPU
		{1DBF2234-C014-4CAD-B9BA-171EB7FA30F9}.Release|Any CPU.Build.0 = Release|Any CPU
		{E4C437E5-EE2E-4A31-A863-E49417C568CD}.Debug|Any CPU.ActiveCfg = Debug|Any CPU
		{E4C437E5-EE2E-4A31-A863-E49417C568CD}.Debug|Any CPU.Build.0 = Debug|Any CPU
		{E4C437E5-EE2E-4A31-A863-E49417C568CD}.Release|Any CPU.ActiveCfg = Release|Any CPU
		{E4C437E5-EE2E-4A31-A863-E49417C568CD}.Release|Any CPU.Build.0 = Release|Any CPU
		{1EAF4EA6-79A1-417C-9E57-C44D7BD7257C}.Debug|Any CPU.ActiveCfg = Debug|Any CPU
		{1EAF4EA6-79A1-417C-9E57-C44D7BD7257C}.Debug|Any CPU.Build.0 = Debug|Any CPU
		{1EAF4EA6-79A1-417C-9E57-C44D7BD7257C}.Release|Any CPU.ActiveCfg = Release|Any CPU
		{1EAF4EA6-79A1-417C-9E57-C44D7BD7257C}.Release|Any CPU.Build.0 = Release|Any CPU
		{FC516605-7FD4-4C48-9F3E-8C63DF4F7D25}.Debug|Any CPU.ActiveCfg = Debug|Any CPU
		{FC516605-7FD4-4C48-9F3E-8C63DF4F7D25}.Debug|Any CPU.Build.0 = Debug|Any CPU
		{FC516605-7FD4-4C48-9F3E-8C63DF4F7D25}.Release|Any CPU.ActiveCfg = Release|Any CPU
		{FC516605-7FD4-4C48-9F3E-8C63DF4F7D25}.Release|Any CPU.Build.0 = Release|Any CPU
		{E7041DC3-45B4-4B80-A62C-40A3DE51F7BF}.Debug|Any CPU.ActiveCfg = Debug|Any CPU
		{E7041DC3-45B4-4B80-A62C-40A3DE51F7BF}.Debug|Any CPU.Build.0 = Debug|Any CPU
		{E7041DC3-45B4-4B80-A62C-40A3DE51F7BF}.Release|Any CPU.ActiveCfg = Release|Any CPU
		{E7041DC3-45B4-4B80-A62C-40A3DE51F7BF}.Release|Any CPU.Build.0 = Release|Any CPU
		{D3CA9C43-3FCF-43B1-95BD-F07FFA4A28F8}.Debug|Any CPU.ActiveCfg = Debug|Any CPU
		{D3CA9C43-3FCF-43B1-95BD-F07FFA4A28F8}.Debug|Any CPU.Build.0 = Debug|Any CPU
		{D3CA9C43-3FCF-43B1-95BD-F07FFA4A28F8}.Release|Any CPU.ActiveCfg = Release|Any CPU
		{D3CA9C43-3FCF-43B1-95BD-F07FFA4A28F8}.Release|Any CPU.Build.0 = Release|Any CPU
		{5583C143-A14B-45C5-87B1-B111867F5B7E}.Debug|Any CPU.ActiveCfg = Debug|Any CPU
		{5583C143-A14B-45C5-87B1-B111867F5B7E}.Debug|Any CPU.Build.0 = Debug|Any CPU
		{5583C143-A14B-45C5-87B1-B111867F5B7E}.Release|Any CPU.ActiveCfg = Release|Any CPU
		{5583C143-A14B-45C5-87B1-B111867F5B7E}.Release|Any CPU.Build.0 = Release|Any CPU
		{1572FBEF-C775-40F4-A565-855C4381C432}.Debug|Any CPU.ActiveCfg = Debug|Any CPU
		{1572FBEF-C775-40F4-A565-855C4381C432}.Debug|Any CPU.Build.0 = Debug|Any CPU
		{1572FBEF-C775-40F4-A565-855C4381C432}.Release|Any CPU.ActiveCfg = Release|Any CPU
		{1572FBEF-C775-40F4-A565-855C4381C432}.Release|Any CPU.Build.0 = Release|Any CPU
		{339B1D37-4188-48FE-9F45-54B2438AE4EF}.Debug|Any CPU.ActiveCfg = Debug|Any CPU
		{339B1D37-4188-48FE-9F45-54B2438AE4EF}.Debug|Any CPU.Build.0 = Debug|Any CPU
		{339B1D37-4188-48FE-9F45-54B2438AE4EF}.Release|Any CPU.ActiveCfg = Release|Any CPU
		{339B1D37-4188-48FE-9F45-54B2438AE4EF}.Release|Any CPU.Build.0 = Release|Any CPU
	EndGlobalSection
	GlobalSection(SolutionProperties) = preSolution
		HideSolutionNode = FALSE
	EndGlobalSection
	GlobalSection(NestedProjects) = preSolution
		{EDBBBEE2-39E4-41CB-BF22-D324B36C6F3A} = {554EE64D-1085-4425-BE88-762267853107}
		{32400877-FFEE-4918-964A-71AD0D1D3C62} = {554EE64D-1085-4425-BE88-762267853107}
		{F59F5524-4C08-4DA8-BE42-B2180015D147} = {554EE64D-1085-4425-BE88-762267853107}
		{56EE7ED8-8C83-43E5-9A4D-F6E72A294A60} = {09F2ED15-AB2D-4FD7-A0E3-5416AA3D186D}
		{5070F2AF-9C16-4C83-AA28-146570F4D1EA} = {09F2ED15-AB2D-4FD7-A0E3-5416AA3D186D}
		{96F1C713-5BF3-4EDA-8243-3CBE2B65A0AE} = {554EE64D-1085-4425-BE88-762267853107}
		{1DBF2234-C014-4CAD-B9BA-171EB7FA30F9} = {554EE64D-1085-4425-BE88-762267853107}
		{E4C437E5-EE2E-4A31-A863-E49417C568CD} = {554EE64D-1085-4425-BE88-762267853107}
		{1EAF4EA6-79A1-417C-9E57-C44D7BD7257C} = {554EE64D-1085-4425-BE88-762267853107}
		{FC516605-7FD4-4C48-9F3E-8C63DF4F7D25} = {554EE64D-1085-4425-BE88-762267853107}
		{E7041DC3-45B4-4B80-A62C-40A3DE51F7BF} = {419C1A08-EBC5-4639-B11C-1253D5B9EE9A}
		{D3CA9C43-3FCF-43B1-95BD-F07FFA4A28F8} = {419C1A08-EBC5-4639-B11C-1253D5B9EE9A}
		{5583C143-A14B-45C5-87B1-B111867F5B7E} = {554EE64D-1085-4425-BE88-762267853107}
		{1572FBEF-C775-40F4-A565-855C4381C432} = {419C1A08-EBC5-4639-B11C-1253D5B9EE9A}
		{339B1D37-4188-48FE-9F45-54B2438AE4EF} = {419C1A08-EBC5-4639-B11C-1253D5B9EE9A}
	EndGlobalSection
	GlobalSection(ExtensibilityGlobals) = postSolution
		SolutionGuid = {FD3DDE6E-4E69-4D7C-AA6D-2364A605B1C0}
	EndGlobalSection
EndGlobal
