
Microsoft Visual Studio Solution File, Format Version 12.00
# Visual Studio Version 16
VisualStudioVersion = 16.0.30011.22
MinimumVisualStudioVersion = 10.0.40219.1
Project("{FAE04EC0-301F-11D3-BF4B-00C04F79EFBC}") = "Skyline.AutoMapper", "src\Skyline.AutoMapper\Skyline.AutoMapper.csproj", "{EDBBBEE2-39E4-41CB-BF22-D324B36C6F3A}"
EndProject
Project("{FAE04EC0-301F-11D3-BF4B-00C04F79EFBC}") = "Skyline", "Skyline\Skyline.csproj", "{D7DD6173-5DA3-4898-B69C-F1F6817F1965}"
EndProject
Project("{FAE04EC0-301F-11D3-BF4B-00C04F79EFBC}") = "Skyline.BaskgroundTasks.Hangfire", "src\Skyline.BaskgroundTasks.Hangfire\Skyline.BaskgroundTasks.Hangfire.csproj", "{32400877-FFEE-4918-964A-71AD0D1D3C62}"
EndProject
Project("{FAE04EC0-301F-11D3-BF4B-00C04F79EFBC}") = "Skyline.NoSQL.Redis", "src\Skyline.NoSQL.Redis\Skyline.NoSQL.Redis.csproj", "{1D9DB6EA-99CE-4553-90B4-9F6634561301}"
EndProject
Project("{FAE04EC0-301F-11D3-BF4B-00C04F79EFBC}") = "Skyline.NoSQL.Mongo", "src\Skyline.NoSQL.Mongo\Skyline.NoSQL.Mongo.csproj", "{1D95F6E7-C11A-4BE5-A131-8B1F82A28FDC}"
EndProject
Project("{2150E333-8FDC-42A3-9474-1A3956D46DE8}") = "src", "src", "{554EE64D-1085-4425-BE88-762267853107}"
EndProject
Project("{2150E333-8FDC-42A3-9474-1A3956D46DE8}") = "tests", "tests", "{09F2ED15-AB2D-4FD7-A0E3-5416AA3D186D}"
EndProject
Global
	GlobalSection(SolutionConfigurationPlatforms) = preSolution
		Debug|Any CPU = Debug|Any CPU
		Release|Any CPU = Release|Any CPU
	EndGlobalSection
	GlobalSection(ProjectConfigurationPlatforms) = postSolution
		{EDBBBEE2-39E4-41CB-BF22-D324B36C6F3A}.Debug|Any CPU.ActiveCfg = Debug|Any CPU
		{EDBBBEE2-39E4-41CB-BF22-D324B36C6F3A}.Debug|Any CPU.Build.0 = Debug|Any CPU
		{EDBBBEE2-39E4-41CB-BF22-D324B36C6F3A}.Release|Any CPU.ActiveCfg = Release|Any CPU
		{EDBBBEE2-39E4-41CB-BF22-D324B36C6F3A}.Release|Any CPU.Build.0 = Release|Any CPU
		{D7DD6173-5DA3-4898-B69C-F1F6817F1965}.Debug|Any CPU.ActiveCfg = Debug|Any CPU
		{D7DD6173-5DA3-4898-B69C-F1F6817F1965}.Debug|Any CPU.Build.0 = Debug|Any CPU
		{D7DD6173-5DA3-4898-B69C-F1F6817F1965}.Release|Any CPU.ActiveCfg = Release|Any CPU
		{D7DD6173-5DA3-4898-B69C-F1F6817F1965}.Release|Any CPU.Build.0 = Release|Any CPU
		{32400877-FFEE-4918-964A-71AD0D1D3C62}.Debug|Any CPU.ActiveCfg = Debug|Any CPU
		{32400877-FFEE-4918-964A-71AD0D1D3C62}.Debug|Any CPU.Build.0 = Debug|Any CPU
		{32400877-FFEE-4918-964A-71AD0D1D3C62}.Release|Any CPU.ActiveCfg = Release|Any CPU
		{32400877-FFEE-4918-964A-71AD0D1D3C62}.Release|Any CPU.Build.0 = Release|Any CPU
		{1D9DB6EA-99CE-4553-90B4-9F6634561301}.Debug|Any CPU.ActiveCfg = Debug|Any CPU
		{1D9DB6EA-99CE-4553-90B4-9F6634561301}.Debug|Any CPU.Build.0 = Debug|Any CPU
		{1D9DB6EA-99CE-4553-90B4-9F6634561301}.Release|Any CPU.ActiveCfg = Release|Any CPU
		{1D9DB6EA-99CE-4553-90B4-9F6634561301}.Release|Any CPU.Build.0 = Release|Any CPU
		{1D95F6E7-C11A-4BE5-A131-8B1F82A28FDC}.Debug|Any CPU.ActiveCfg = Debug|Any CPU
		{1D95F6E7-C11A-4BE5-A131-8B1F82A28FDC}.Debug|Any CPU.Build.0 = Debug|Any CPU
		{1D95F6E7-C11A-4BE5-A131-8B1F82A28FDC}.Release|Any CPU.ActiveCfg = Release|Any CPU
		{1D95F6E7-C11A-4BE5-A131-8B1F82A28FDC}.Release|Any CPU.Build.0 = Release|Any CPU
	EndGlobalSection
	GlobalSection(SolutionProperties) = preSolution
		HideSolutionNode = FALSE
	EndGlobalSection
	GlobalSection(NestedProjects) = preSolution
		{EDBBBEE2-39E4-41CB-BF22-D324B36C6F3A} = {554EE64D-1085-4425-BE88-762267853107}
		{D7DD6173-5DA3-4898-B69C-F1F6817F1965} = {554EE64D-1085-4425-BE88-762267853107}
		{32400877-FFEE-4918-964A-71AD0D1D3C62} = {554EE64D-1085-4425-BE88-762267853107}
		{1D9DB6EA-99CE-4553-90B4-9F6634561301} = {554EE64D-1085-4425-BE88-762267853107}
		{1D95F6E7-C11A-4BE5-A131-8B1F82A28FDC} = {554EE64D-1085-4425-BE88-762267853107}
	EndGlobalSection
	GlobalSection(ExtensibilityGlobals) = postSolution
		SolutionGuid = {FD3DDE6E-4E69-4D7C-AA6D-2364A605B1C0}
	EndGlobalSection
EndGlobal
