
Microsoft Visual Studio Solution File, Format Version 12.00
# Visual Studio Version 16
VisualStudioVersion = 16.0.30225.117
MinimumVisualStudioVersion = 10.0.40219.1
Project("{FAE04EC0-301F-11D3-BF4B-00C04F79EFBC}") = "Skyline.Console.Api", "src\Skyline.Console.Api\Skyline.Console.Api.csproj", "{86A4C6B3-073C-4CCF-9AD7-8F97AA9A3B01}"
EndProject
Global
	GlobalSection(SolutionConfigurationPlatforms) = preSolution
		Debug|Any CPU = Debug|Any CPU
		Release|Any CPU = Release|Any CPU
	EndGlobalSection
	GlobalSection(ProjectConfigurationPlatforms) = postSolution
		{86A4C6B3-073C-4CCF-9AD7-8F97AA9A3B01}.Debug|Any CPU.ActiveCfg = Debug|Any CPU
		{86A4C6B3-073C-4CCF-9AD7-8F97AA9A3B01}.Debug|Any CPU.Build.0 = Debug|Any CPU
		{86A4C6B3-073C-4CCF-9AD7-8F97AA9A3B01}.Release|Any CPU.ActiveCfg = Release|Any CPU
		{86A4C6B3-073C-4CCF-9AD7-8F97AA9A3B01}.Release|Any CPU.Build.0 = Release|Any CPU
	EndGlobalSection
	GlobalSection(SolutionProperties) = preSolution
		HideSolutionNode = FALSE
	EndGlobalSection
	GlobalSection(ExtensibilityGlobals) = postSolution
		SolutionGuid = {F6215BE9-B2A4-4FA9-A230-A23680D0440D}
	EndGlobalSection
EndGlobal
