
Microsoft Visual Studio Solution File, Format Version 12.00
# Visual Studio Version 16
VisualStudioVersion = 16.0.30011.22
MinimumVisualStudioVersion = 10.0.40219.1
Project("{FAE04EC0-301F-11D3-BF4B-00C04F79EFBC}") = "Skyline.API", "src\Skyline.API\Skyline.API.csproj", "{01546426-ACA9-49D8-8A93-B443B1B57E28}"
EndProject
Global
	GlobalSection(SolutionConfigurationPlatforms) = preSolution
		Debug|Any CPU = Debug|Any CPU
		Release|Any CPU = Release|Any CPU
	EndGlobalSection
	GlobalSection(ProjectConfigurationPlatforms) = postSolution
		{01546426-ACA9-49D8-8A93-B443B1B57E28}.Debug|Any CPU.ActiveCfg = Debug|Any CPU
		{01546426-ACA9-49D8-8A93-B443B1B57E28}.Debug|Any CPU.Build.0 = Debug|Any CPU
		{01546426-ACA9-49D8-8A93-B443B1B57E28}.Release|Any CPU.ActiveCfg = Release|Any CPU
		{01546426-ACA9-49D8-8A93-B443B1B57E28}.Release|Any CPU.Build.0 = Release|Any CPU
	EndGlobalSection
	GlobalSection(SolutionProperties) = preSolution
		HideSolutionNode = FALSE
	EndGlobalSection
	GlobalSection(ExtensibilityGlobals) = postSolution
		SolutionGuid = {5B8D3A29-FC28-436C-8980-CA8FDAC1D0C2}
	EndGlobalSection
EndGlobal
